// !$*UTF8*$!
{
	archiveVersion = 1;
	classes = {
	};
	objectVersion = 50;
	objects = {

/* Begin PBXBuildFile section */
		FAB0BA9D25D16F8600E488E1 /* AppDelegate.swift in Sources */ = {isa = PBXBuildFile; fileRef = FAB0BA9C25D16F8600E488E1 /* AppDelegate.swift */; };
		FAB0BA9F25D16F8600E488E1 /* SceneDelegate.swift in Sources */ = {isa = PBXBuildFile; fileRef = FAB0BA9E25D16F8600E488E1 /* SceneDelegate.swift */; };
		FAB0BAA425D16F8600E488E1 /* Main.storyboard in Resources */ = {isa = PBXBuildFile; fileRef = FAB0BAA225D16F8600E488E1 /* Main.storyboard */; };
		FAB0BAA625D16F8700E488E1 /* Assets.xcassets in Resources */ = {isa = PBXBuildFile; fileRef = FAB0BAA525D16F8700E488E1 /* Assets.xcassets */; };
		FAB0BAA925D16F8700E488E1 /* LaunchScreen.storyboard in Resources */ = {isa = PBXBuildFile; fileRef = FAB0BAA725D16F8700E488E1 /* LaunchScreen.storyboard */; };
		FAB0BAB425D16F8700E488E1 /* NewBankTests.swift in Sources */ = {isa = PBXBuildFile; fileRef = FAB0BAB325D16F8700E488E1 /* NewBankTests.swift */; };
		FAB0BABF25D16F8700E488E1 /* NewBankUITests.swift in Sources */ = {isa = PBXBuildFile; fileRef = FAB0BABE25D16F8700E488E1 /* NewBankUITests.swift */; };
		FAB0BAD325D16FB400E488E1 /* OneVC.swift in Sources */ = {isa = PBXBuildFile; fileRef = FAB0BAD225D16FB400E488E1 /* OneVC.swift */; };
		FAB0BAD825D1703100E488E1 /* TwoDepositVC.swift in Sources */ = {isa = PBXBuildFile; fileRef = FAB0BAD725D1703100E488E1 /* TwoDepositVC.swift */; };
		FAB0BADD25D1704C00E488E1 /* TwoCreditVC.swift in Sources */ = {isa = PBXBuildFile; fileRef = FAB0BADC25D1704C00E488E1 /* TwoCreditVC.swift */; };
		FAB0BAED25D18C6F00E488E1 /* ThreeVC.swift in Sources */ = {isa = PBXBuildFile; fileRef = FAB0BAEC25D18C6F00E488E1 /* ThreeVC.swift */; };
		FAB0BAFD25D1C8A600E488E1 /* FourDepositVC.swift in Sources */ = {isa = PBXBuildFile; fileRef = FAB0BAFC25D1C8A600E488E1 /* FourDepositVC.swift */; };
		FAB0BB0225D1C8D200E488E1 /* FourCreditVC.swift in Sources */ = {isa = PBXBuildFile; fileRef = FAB0BB0125D1C8D200E488E1 /* FourCreditVC.swift */; };
/* End PBXBuildFile section */

/* Begin PBXContainerItemProxy section */
		FAB0BAB025D16F8700E488E1 /* PBXContainerItemProxy */ = {
			isa = PBXContainerItemProxy;
			containerPortal = FAB0BA9125D16F8600E488E1 /* Project object */;
			proxyType = 1;
			remoteGlobalIDString = FAB0BA9825D16F8600E488E1;
			remoteInfo = NewBank;
		};
		FAB0BABB25D16F8700E488E1 /* PBXContainerItemProxy */ = {
			isa = PBXContainerItemProxy;
			containerPortal = FAB0BA9125D16F8600E488E1 /* Project object */;
			proxyType = 1;
			remoteGlobalIDString = FAB0BA9825D16F8600E488E1;
			remoteInfo = NewBank;
		};
/* End PBXContainerItemProxy section */

/* Begin PBXFileReference section */
		FAB0BA9925D16F8600E488E1 /* NewBank.app */ = {isa = PBXFileReference; explicitFileType = wrapper.application; includeInIndex = 0; path = NewBank.app; sourceTree = BUILT_PRODUCTS_DIR; };
		FAB0BA9C25D16F8600E488E1 /* AppDelegate.swift */ = {isa = PBXFileReference; lastKnownFileType = sourcecode.swift; path = AppDelegate.swift; sourceTree = "<group>"; };
		FAB0BA9E25D16F8600E488E1 /* SceneDelegate.swift */ = {isa = PBXFileReference; lastKnownFileType = sourcecode.swift; path = SceneDelegate.swift; sourceTree = "<group>"; };
		FAB0BAA325D16F8600E488E1 /* Base */ = {isa = PBXFileReference; lastKnownFileType = file.storyboard; name = Base; path = Base.lproj/Main.storyboard; sourceTree = "<group>"; };
		FAB0BAA525D16F8700E488E1 /* Assets.xcassets */ = {isa = PBXFileReference; lastKnownFileType = folder.assetcatalog; path = Assets.xcassets; sourceTree = "<group>"; };
		FAB0BAA825D16F8700E488E1 /* Base */ = {isa = PBXFileReference; lastKnownFileType = file.storyboard; name = Base; path = Base.lproj/LaunchScreen.storyboard; sourceTree = "<group>"; };
		FAB0BAAA25D16F8700E488E1 /* Info.plist */ = {isa = PBXFileReference; lastKnownFileType = text.plist.xml; path = Info.plist; sourceTree = "<group>"; };
		FAB0BAAF25D16F8700E488E1 /* NewBankTests.xctest */ = {isa = PBXFileReference; explicitFileType = wrapper.cfbundle; includeInIndex = 0; path = NewBankTests.xctest; sourceTree = BUILT_PRODUCTS_DIR; };
		FAB0BAB325D16F8700E488E1 /* NewBankTests.swift */ = {isa = PBXFileReference; lastKnownFileType = sourcecode.swift; path = NewBankTests.swift; sourceTree = "<group>"; };
		FAB0BAB525D16F8700E488E1 /* Info.plist */ = {isa = PBXFileReference; lastKnownFileType = text.plist.xml; path = Info.plist; sourceTree = "<group>"; };
		FAB0BABA25D16F8700E488E1 /* NewBankUITests.xctest */ = {isa = PBXFileReference; explicitFileType = wrapper.cfbundle; includeInIndex = 0; path = NewBankUITests.xctest; sourceTree = BUILT_PRODUCTS_DIR; };
		FAB0BABE25D16F8700E488E1 /* NewBankUITests.swift */ = {isa = PBXFileReference; lastKnownFileType = sourcecode.swift; path = NewBankUITests.swift; sourceTree = "<group>"; };
		FAB0BAC025D16F8700E488E1 /* Info.plist */ = {isa = PBXFileReference; lastKnownFileType = text.plist.xml; path = Info.plist; sourceTree = "<group>"; };
		FAB0BAD225D16FB400E488E1 /* OneVC.swift */ = {isa = PBXFileReference; lastKnownFileType = sourcecode.swift; path = OneVC.swift; sourceTree = "<group>"; };
		FAB0BAD725D1703100E488E1 /* TwoDepositVC.swift */ = {isa = PBXFileReference; lastKnownFileType = sourcecode.swift; path = TwoDepositVC.swift; sourceTree = "<group>"; };
		FAB0BADC25D1704C00E488E1 /* TwoCreditVC.swift */ = {isa = PBXFileReference; lastKnownFileType = sourcecode.swift; path = TwoCreditVC.swift; sourceTree = "<group>"; };
		FAB0BAEC25D18C6F00E488E1 /* ThreeVC.swift */ = {isa = PBXFileReference; lastKnownFileType = sourcecode.swift; path = ThreeVC.swift; sourceTree = "<group>"; };
		FAB0BAFC25D1C8A600E488E1 /* FourDepositVC.swift */ = {isa = PBXFileReference; lastKnownFileType = sourcecode.swift; path = FourDepositVC.swift; sourceTree = "<group>"; };
		FAB0BB0125D1C8D200E488E1 /* FourCreditVC.swift */ = {isa = PBXFileReference; lastKnownFileType = sourcecode.swift; path = FourCreditVC.swift; sourceTree = "<group>"; };
/* End PBXFileReference section */

/* Begin PBXFrameworksBuildPhase section */
		FAB0BA9625D16F8600E488E1 /* Frameworks */ = {
			isa = PBXFrameworksBuildPhase;
			buildActionMask = 2147483647;
			files = (
			);
			runOnlyForDeploymentPostprocessing = 0;
		};
		FAB0BAAC25D16F8700E488E1 /* Frameworks */ = {
			isa = PBXFrameworksBuildPhase;
			buildActionMask = 2147483647;
			files = (
			);
			runOnlyForDeploymentPostprocessing = 0;
		};
		FAB0BAB725D16F8700E488E1 /* Frameworks */ = {
			isa = PBXFrameworksBuildPhase;
			buildActionMask = 2147483647;
			files = (
			);
			runOnlyForDeploymentPostprocessing = 0;
		};
/* End PBXFrameworksBuildPhase section */

/* Begin PBXGroup section */
		FAB0BA9025D16F8600E488E1 = {
			isa = PBXGroup;
			children = (
				FAB0BA9B25D16F8600E488E1 /* NewBank */,
				FAB0BAB225D16F8700E488E1 /* NewBankTests */,
				FAB0BABD25D16F8700E488E1 /* NewBankUITests */,
				FAB0BA9A25D16F8600E488E1 /* Products */,
			);
			sourceTree = "<group>";
		};
		FAB0BA9A25D16F8600E488E1 /* Products */ = {
			isa = PBXGroup;
			children = (
				FAB0BA9925D16F8600E488E1 /* NewBank.app */,
				FAB0BAAF25D16F8700E488E1 /* NewBankTests.xctest */,
				FAB0BABA25D16F8700E488E1 /* NewBankUITests.xctest */,
			);
			name = Products;
			sourceTree = "<group>";
		};
		FAB0BA9B25D16F8600E488E1 /* NewBank */ = {
			isa = PBXGroup;
			children = (
				FAB0BA9C25D16F8600E488E1 /* AppDelegate.swift */,
				FAB0BA9E25D16F8600E488E1 /* SceneDelegate.swift */,
				FAB0BAA225D16F8600E488E1 /* Main.storyboard */,
				FAB0BAD225D16FB400E488E1 /* OneVC.swift */,
				FAB0BAD725D1703100E488E1 /* TwoDepositVC.swift */,
				FAB0BADC25D1704C00E488E1 /* TwoCreditVC.swift */,
				FAB0BAEC25D18C6F00E488E1 /* ThreeVC.swift */,
				FAB0BAFC25D1C8A600E488E1 /* FourDepositVC.swift */,
				FAB0BB0125D1C8D200E488E1 /* FourCreditVC.swift */,
				FAB0BAA525D16F8700E488E1 /* Assets.xcassets */,
				FAB0BAA725D16F8700E488E1 /* LaunchScreen.storyboard */,
				FAB0BAAA25D16F8700E488E1 /* Info.plist */,
			);
			path = NewBank;
			sourceTree = "<group>";
		};
		FAB0BAB225D16F8700E488E1 /* NewBankTests */ = {
			isa = PBXGroup;
			children = (
				FAB0BAB325D16F8700E488E1 /* NewBankTests.swift */,
				FAB0BAB525D16F8700E488E1 /* Info.plist */,
			);
			path = NewBankTests;
			sourceTree = "<group>";
		};
		FAB0BABD25D16F8700E488E1 /* NewBankUITests */ = {
			isa = PBXGroup;
			children = (
				FAB0BABE25D16F8700E488E1 /* NewBankUITests.swift */,
				FAB0BAC025D16F8700E488E1 /* Info.plist */,
			);
			path = NewBankUITests;
			sourceTree = "<group>";
		};
/* End PBXGroup section */

/* Begin PBXNativeTarget section */
		FAB0BA9825D16F8600E488E1 /* NewBank */ = {
			isa = PBXNativeTarget;
			buildConfigurationList = FAB0BAC325D16F8700E488E1 /* Build configuration list for PBXNativeTarget "NewBank" */;
			buildPhases = (
				FAB0BA9525D16F8600E488E1 /* Sources */,
				FAB0BA9625D16F8600E488E1 /* Frameworks */,
				FAB0BA9725D16F8600E488E1 /* Resources */,
			);
			buildRules = (
			);
			dependencies = (
			);
			name = NewBank;
			productName = NewBank;
			productReference = FAB0BA9925D16F8600E488E1 /* NewBank.app */;
			productType = "com.apple.product-type.application";
		};
		FAB0BAAE25D16F8700E488E1 /* NewBankTests */ = {
			isa = PBXNativeTarget;
			buildConfigurationList = FAB0BAC625D16F8700E488E1 /* Build configuration list for PBXNativeTarget "NewBankTests" */;
			buildPhases = (
				FAB0BAAB25D16F8700E488E1 /* Sources */,
				FAB0BAAC25D16F8700E488E1 /* Frameworks */,
				FAB0BAAD25D16F8700E488E1 /* Resources */,
			);
			buildRules = (
			);
			dependencies = (
				FAB0BAB125D16F8700E488E1 /* PBXTargetDependency */,
			);
			name = NewBankTests;
			productName = NewBankTests;
			productReference = FAB0BAAF25D16F8700E488E1 /* NewBankTests.xctest */;
			productType = "com.apple.product-type.bundle.unit-test";
		};
		FAB0BAB925D16F8700E488E1 /* NewBankUITests */ = {
			isa = PBXNativeTarget;
			buildConfigurationList = FAB0BAC925D16F8700E488E1 /* Build configuration list for PBXNativeTarget "NewBankUITests" */;
			buildPhases = (
				FAB0BAB625D16F8700E488E1 /* Sources */,
				FAB0BAB725D16F8700E488E1 /* Frameworks */,
				FAB0BAB825D16F8700E488E1 /* Resources */,
			);
			buildRules = (
			);
			dependencies = (
				FAB0BABC25D16F8700E488E1 /* PBXTargetDependency */,
			);
			name = NewBankUITests;
			productName = NewBankUITests;
			productReference = FAB0BABA25D16F8700E488E1 /* NewBankUITests.xctest */;
			productType = "com.apple.product-type.bundle.ui-testing";
		};
/* End PBXNativeTarget section */

/* Begin PBXProject section */
		FAB0BA9125D16F8600E488E1 /* Project object */ = {
			isa = PBXProject;
			attributes = {
				LastSwiftUpdateCheck = 1220;
				LastUpgradeCheck = 1220;
				TargetAttributes = {
					FAB0BA9825D16F8600E488E1 = {
						CreatedOnToolsVersion = 12.2;
					};
					FAB0BAAE25D16F8700E488E1 = {
						CreatedOnToolsVersion = 12.2;
						TestTargetID = FAB0BA9825D16F8600E488E1;
					};
					FAB0BAB925D16F8700E488E1 = {
						CreatedOnToolsVersion = 12.2;
						TestTargetID = FAB0BA9825D16F8600E488E1;
					};
				};
			};
			buildConfigurationList = FAB0BA9425D16F8600E488E1 /* Build configuration list for PBXProject "NewBank" */;
			compatibilityVersion = "Xcode 9.3";
			developmentRegion = en;
			hasScannedForEncodings = 0;
			knownRegions = (
				en,
				Base,
			);
			mainGroup = FAB0BA9025D16F8600E488E1;
			productRefGroup = FAB0BA9A25D16F8600E488E1 /* Products */;
			projectDirPath = "";
			projectRoot = "";
			targets = (
				FAB0BA9825D16F8600E488E1 /* NewBank */,
				FAB0BAAE25D16F8700E488E1 /* NewBankTests */,
				FAB0BAB925D16F8700E488E1 /* NewBankUITests */,
			);
		};
/* End PBXProject section */

/* Begin PBXResourcesBuildPhase section */
		FAB0BA9725D16F8600E488E1 /* Resources */ = {
			isa = PBXResourcesBuildPhase;
			buildActionMask = 2147483647;
			files = (
				FAB0BAA925D16F8700E488E1 /* LaunchScreen.storyboard in Resources */,
				FAB0BAA625D16F8700E488E1 /* Assets.xcassets in Resources */,
				FAB0BAA425D16F8600E488E1 /* Main.storyboard in Resources */,
			);
			runOnlyForDeploymentPostprocessing = 0;
		};
		FAB0BAAD25D16F8700E488E1 /* Resources */ = {
			isa = PBXResourcesBuildPhase;
			buildActionMask = 2147483647;
			files = (
			);
			runOnlyForDeploymentPostprocessing = 0;
		};
		FAB0BAB825D16F8700E488E1 /* Resources */ = {
			isa = PBXResourcesBuildPhase;
			buildActionMask = 2147483647;
			files = (
			);
			runOnlyForDeploymentPostprocessing = 0;
		};
/* End PBXResourcesBuildPhase section */

/* Begin PBXSourcesBuildPhase section */
		FAB0BA9525D16F8600E488E1 /* Sources */ = {
			isa = PBXSourcesBuildPhase;
			buildActionMask = 2147483647;
			files = (
				FAB0BAFD25D1C8A600E488E1 /* FourDepositVC.swift in Sources */,
				FAB0BADD25D1704C00E488E1 /* TwoCreditVC.swift in Sources */,
				FAB0BAED25D18C6F00E488E1 /* ThreeVC.swift in Sources */,
				FAB0BAD825D1703100E488E1 /* TwoDepositVC.swift in Sources */,
				FAB0BA9D25D16F8600E488E1 /* AppDelegate.swift in Sources */,
				FAB0BB0225D1C8D200E488E1 /* FourCreditVC.swift in Sources */,
				FAB0BA9F25D16F8600E488E1 /* SceneDelegate.swift in Sources */,
				FAB0BAD325D16FB400E488E1 /* OneVC.swift in Sources */,
			);
			runOnlyForDeploymentPostprocessing = 0;
		};
		FAB0BAAB25D16F8700E488E1 /* Sources */ = {
			isa = PBXSourcesBuildPhase;
			buildActionMask = 2147483647;
			files = (
				FAB0BAB425D16F8700E488E1 /* NewBankTests.swift in Sources */,
			);
			runOnlyForDeploymentPostprocessing = 0;
		};
		FAB0BAB625D16F8700E488E1 /* Sources */ = {
			isa = PBXSourcesBuildPhase;
			buildActionMask = 2147483647;
			files = (
				FAB0BABF25D16F8700E488E1 /* NewBankUITests.swift in Sources */,
			);
			runOnlyForDeploymentPostprocessing = 0;
		};
/* End PBXSourcesBuildPhase section */

/* Begin PBXTargetDependency section */
		FAB0BAB125D16F8700E488E1 /* PBXTargetDependency */ = {
			isa = PBXTargetDependency;
			target = FAB0BA9825D16F8600E488E1 /* NewBank */;
			targetProxy = FAB0BAB025D16F8700E488E1 /* PBXContainerItemProxy */;
		};
		FAB0BABC25D16F8700E488E1 /* PBXTargetDependency */ = {
			isa = PBXTargetDependency;
			target = FAB0BA9825D16F8600E488E1 /* NewBank */;
			targetProxy = FAB0BABB25D16F8700E488E1 /* PBXContainerItemProxy */;
		};
/* End PBXTargetDependency section */

/* Begin PBXVariantGroup section */
		FAB0BAA225D16F8600E488E1 /* Main.storyboard */ = {
			isa = PBXVariantGroup;
			children = (
				FAB0BAA325D16F8600E488E1 /* Base */,
			);
			name = Main.storyboard;
			sourceTree = "<group>";
		};
		FAB0BAA725D16F8700E488E1 /* LaunchScreen.storyboard */ = {
			isa = PBXVariantGroup;
			children = (
				FAB0BAA825D16F8700E488E1 /* Base */,
			);
			name = LaunchScreen.storyboard;
			sourceTree = "<group>";
		};
/* End PBXVariantGroup section */

/* Begin XCBuildConfiguration section */
		FAB0BAC125D16F8700E488E1 /* Debug */ = {
			isa = XCBuildConfiguration;
			buildSettings = {
				ALWAYS_SEARCH_USER_PATHS = NO;
				CLANG_ANALYZER_NONNULL = YES;
				CLANG_ANALYZER_NUMBER_OBJECT_CONVERSION = YES_AGGRESSIVE;
				CLANG_CXX_LANGUAGE_STANDARD = "gnu++14";
				CLANG_CXX_LIBRARY = "libc++";
				CLANG_ENABLE_MODULES = YES;
				CLANG_ENABLE_OBJC_ARC = YES;
				CLANG_ENABLE_OBJC_WEAK = YES;
				CLANG_WARN_BLOCK_CAPTURE_AUTORELEASING = YES;
				CLANG_WARN_BOOL_CONVERSION = YES;
				CLANG_WARN_COMMA = YES;
				CLANG_WARN_CONSTANT_CONVERSION = YES;
				CLANG_WARN_DEPRECATED_OBJC_IMPLEMENTATIONS = YES;
				CLANG_WARN_DIRECT_OBJC_ISA_USAGE = YES_ERROR;
				CLANG_WARN_DOCUMENTATION_COMMENTS = YES;
				CLANG_WARN_EMPTY_BODY = YES;
				CLANG_WARN_ENUM_CONVERSION = YES;
				CLANG_WARN_INFINITE_RECURSION = YES;
				CLANG_WARN_INT_CONVERSION = YES;
				CLANG_WARN_NON_LITERAL_NULL_CONVERSION = YES;
				CLANG_WARN_OBJC_IMPLICIT_RETAIN_SELF = YES;
				CLANG_WARN_OBJC_LITERAL_CONVERSION = YES;
				CLANG_WARN_OBJC_ROOT_CLASS = YES_ERROR;
				CLANG_WARN_QUOTED_INCLUDE_IN_FRAMEWORK_HEADER = YES;
				CLANG_WARN_RANGE_LOOP_ANALYSIS = YES;
				CLANG_WARN_STRICT_PROTOTYPES = YES;
				CLANG_WARN_SUSPICIOUS_MOVE = YES;
				CLANG_WARN_UNGUARDED_AVAILABILITY = YES_AGGRESSIVE;
				CLANG_WARN_UNREACHABLE_CODE = YES;
				CLANG_WARN__DUPLICATE_METHOD_MATCH = YES;
				COPY_PHASE_STRIP = NO;
				DEBUG_INFORMATION_FORMAT = dwarf;
				ENABLE_STRICT_OBJC_MSGSEND = YES;
				ENABLE_TESTABILITY = YES;
				GCC_C_LANGUAGE_STANDARD = gnu11;
				GCC_DYNAMIC_NO_PIC = NO;
				GCC_NO_COMMON_BLOCKS = YES;
				GCC_OPTIMIZATION_LEVEL = 0;
				GCC_PREPROCESSOR_DEFINITIONS = (
					"DEBUG=1",
					"$(inherited)",
				);
				GCC_WARN_64_TO_32_BIT_CONVERSION = YES;
				GCC_WARN_ABOUT_RETURN_TYPE = YES_ERROR;
				GCC_WARN_UNDECLARED_SELECTOR = YES;
				GCC_WARN_UNINITIALIZED_AUTOS = YES_AGGRESSIVE;
				GCC_WARN_UNUSED_FUNCTION = YES;
				GCC_WARN_UNUSED_VARIABLE = YES;
				IPHONEOS_DEPLOYMENT_TARGET = 14.2;
				MTL_ENABLE_DEBUG_INFO = INCLUDE_SOURCE;
				MTL_FAST_MATH = YES;
				ONLY_ACTIVE_ARCH = YES;
				SDKROOT = iphoneos;
				SWIFT_ACTIVE_COMPILATION_CONDITIONS = DEBUG;
				SWIFT_OPTIMIZATION_LEVEL = "-Onone";
			};
			name = Debug;
		};
		FAB0BAC225D16F8700E488E1 /* Release */ = {
			isa = XCBuildConfiguration;
			buildSettings = {
				ALWAYS_SEARCH_USER_PATHS = NO;
				CLANG_ANALYZER_NONNULL = YES;
				CLANG_ANALYZER_NUMBER_OBJECT_CONVERSION = YES_AGGRESSIVE;
				CLANG_CXX_LANGUAGE_STANDARD = "gnu++14";
				CLANG_CXX_LIBRARY = "libc++";
				CLANG_ENABLE_MODULES = YES;
				CLANG_ENABLE_OBJC_ARC = YES;
				CLANG_ENABLE_OBJC_WEAK = YES;
				CLANG_WARN_BLOCK_CAPTURE_AUTORELEASING = YES;
				CLANG_WARN_BOOL_CONVERSION = YES;
				CLANG_WARN_COMMA = YES;
				CLANG_WARN_CONSTANT_CONVERSION = YES;
				CLANG_WARN_DEPRECATED_OBJC_IMPLEMENTATIONS = YES;
				CLANG_WARN_DIRECT_OBJC_ISA_USAGE = YES_ERROR;
				CLANG_WARN_DOCUMENTATION_COMMENTS = YES;
				CLANG_WARN_EMPTY_BODY = YES;
				CLANG_WARN_ENUM_CONVERSION = YES;
				CLANG_WARN_INFINITE_RECURSION = YES;
				CLANG_WARN_INT_CONVERSION = YES;
				CLANG_WARN_NON_LITERAL_NULL_CONVERSION = YES;
				CLANG_WARN_OBJC_IMPLICIT_RETAIN_SELF = YES;
				CLANG_WARN_OBJC_LITERAL_CONVERSION = YES;
				CLANG_WARN_OBJC_ROOT_CLASS = YES_ERROR;
				CLANG_WARN_QUOTED_INCLUDE_IN_FRAMEWORK_HEADER = YES;
				CLANG_WARN_RANGE_LOOP_ANALYSIS = YES;
				CLANG_WARN_STRICT_PROTOTYPES = YES;
				CLANG_WARN_SUSPICIOUS_MOVE = YES;
				CLANG_WARN_UNGUARDED_AVAILABILITY = YES_AGGRESSIVE;
				CLANG_WARN_UNREACHABLE_CODE = YES;
				CLANG_WARN__DUPLICATE_METHOD_MATCH = YES;
				COPY_PHASE_STRIP = NO;
				DEBUG_INFORMATION_FORMAT = "dwarf-with-dsym";
				ENABLE_NS_ASSERTIONS = NO;
				ENABLE_STRICT_OBJC_MSGSEND = YES;
				GCC_C_LANGUAGE_STANDARD = gnu11;
				GCC_NO_COMMON_BLOCKS = YES;
				GCC_WARN_64_TO_32_BIT_CONVERSION = YES;
				GCC_WARN_ABOUT_RETURN_TYPE = YES_ERROR;
				GCC_WARN_UNDECLARED_SELECTOR = YES;
				GCC_WARN_UNINITIALIZED_AUTOS = YES_AGGRESSIVE;
				GCC_WARN_UNUSED_FUNCTION = YES;
				GCC_WARN_UNUSED_VARIABLE = YES;
				IPHONEOS_DEPLOYMENT_TARGET = 14.2;
				MTL_ENABLE_DEBUG_INFO = NO;
				MTL_FAST_MATH = YES;
				SDKROOT = iphoneos;
				SWIFT_COMPILATION_MODE = wholemodule;
				SWIFT_OPTIMIZATION_LEVEL = "-O";
				VALIDATE_PRODUCT = YES;
			};
			name = Release;
		};
		FAB0BAC425D16F8700E488E1 /* Debug */ = {
			isa = XCBuildConfiguration;
			buildSettings = {
				ASSETCATALOG_COMPILER_APPICON_NAME = AppIcon;
				ASSETCATALOG_COMPILER_GLOBAL_ACCENT_COLOR_NAME = AccentColor;
				CODE_SIGN_STYLE = Automatic;
				INFOPLIST_FILE = NewBank/Info.plist;
				LD_RUNPATH_SEARCH_PATHS = (
					"$(inherited)",
					"@executable_path/Frameworks",
				);
				PRODUCT_BUNDLE_IDENTIFIER = ESV.NewBank;
				PRODUCT_NAME = "$(TARGET_NAME)";
				SWIFT_VERSION = 5.0;
				TARGETED_DEVICE_FAMILY = "1,2";
			};
			name = Debug;
		};
		FAB0BAC525D16F8700E488E1 /* Release */ = {
			isa = XCBuildConfiguration;
			buildSettings = {
				ASSETCATALOG_COMPILER_APPICON_NAME = AppIcon;
				ASSETCATALOG_COMPILER_GLOBAL_ACCENT_COLOR_NAME = AccentColor;
				CODE_SIGN_STYLE = Automatic;
				INFOPLIST_FILE = NewBank/Info.plist;
				LD_RUNPATH_SEARCH_PATHS = (
					"$(inherited)",
					"@executable_path/Frameworks",
				);
				PRODUCT_BUNDLE_IDENTIFIER = ESV.NewBank;
				PRODUCT_NAME = "$(TARGET_NAME)";
				SWIFT_VERSION = 5.0;
				TARGETED_DEVICE_FAMILY = "1,2";
			};
			name = Release;
		};
		FAB0BAC725D16F8700E488E1 /* Debug */ = {
			isa = XCBuildConfiguration;
			buildSettings = {
				ALWAYS_EMBED_SWIFT_STANDARD_LIBRARIES = YES;
				BUNDLE_LOADER = "$(TEST_HOST)";
				CODE_SIGN_STYLE = Automatic;
				INFOPLIST_FILE = NewBankTests/Info.plist;
				IPHONEOS_DEPLOYMENT_TARGET = 14.2;
				LD_RUNPATH_SEARCH_PATHS = (
					"$(inherited)",
					"@executable_path/Frameworks",
					"@loader_path/Frameworks",
				);
				PRODUCT_BUNDLE_IDENTIFIER = ESV.NewBankTests;
				PRODUCT_NAME = "$(TARGET_NAME)";
				SWIFT_VERSION = 5.0;
				TARGETED_DEVICE_FAMILY = "1,2";
				TEST_HOST = "$(BUILT_PRODUCTS_DIR)/NewBank.app/NewBank";
			};
			name = Debug;
		};
		FAB0BAC825D16F8700E488E1 /* Release */ = {
			isa = XCBuildConfiguration;
			buildSettings = {
				ALWAYS_EMBED_SWIFT_STANDARD_LIBRARIES = YES;
				BUNDLE_LOADER = "$(TEST_HOST)";
				CODE_SIGN_STYLE = Automatic;
				INFOPLIST_FILE = NewBankTests/Info.plist;
				IPHONEOS_DEPLOYMENT_TARGET = 14.2;
				LD_RUNPATH_SEARCH_PATHS = (
					"$(inherited)",
					"@executable_path/Frameworks",
					"@loader_path/Frameworks",
				);
				PRODUCT_BUNDLE_IDENTIFIER = ESV.NewBankTests;
				PRODUCT_NAME = "$(TARGET_NAME)";
				SWIFT_VERSION = 5.0;
				TARGETED_DEVICE_FAMILY = "1,2";
				TEST_HOST = "$(BUILT_PRODUCTS_DIR)/NewBank.app/NewBank";
			};
			name = Release;
		};
		FAB0BACA25D16F8700E488E1 /* Debug */ = {
			isa = XCBuildConfiguration;
			buildSettings = {
				ALWAYS_EMBED_SWIFT_STANDARD_LIBRARIES = YES;
				CODE_SIGN_STYLE = Automatic;
				INFOPLIST_FILE = NewBankUITests/Info.plist;
				LD_RUNPATH_SEARCH_PATHS = (
					"$(inherited)",
					"@executable_path/Frameworks",
					"@loader_path/Frameworks",
				);
				PRODUCT_BUNDLE_IDENTIFIER = ESV.NewBankUITests;
				PRODUCT_NAME = "$(TARGET_NAME)";
				SWIFT_VERSION = 5.0;
				TARGETED_DEVICE_FAMILY = "1,2";
				TEST_TARGET_NAME = NewBank;
			};
			name = Debug;
		};
		FAB0BACB25D16F8700E488E1 /* Release */ = {
			isa = XCBuildConfiguration;
			buildSettings = {
				ALWAYS_EMBED_SWIFT_STANDARD_LIBRARIES = YES;
				CODE_SIGN_STYLE = Automatic;
				INFOPLIST_FILE = NewBankUITests/Info.plist;
				LD_RUNPATH_SEARCH_PATHS = (
					"$(inherited)",
					"@executable_path/Frameworks",
					"@loader_path/Frameworks",
				);
				PRODUCT_BUNDLE_IDENTIFIER = ESV.NewBankUITests;
				PRODUCT_NAME = "$(TARGET_NAME)";
				SWIFT_VERSION = 5.0;
				TARGETED_DEVICE_FAMILY = "1,2";
				TEST_TARGET_NAME = NewBank;
			};
			name = Release;
		};
/* End XCBuildConfiguration section */

/* Begin XCConfigurationList section */
		FAB0BA9425D16F8600E488E1 /* Build configuration list for PBXProject "NewBank" */ = {
			isa = XCConfigurationList;
			buildConfigurations = (
				FAB0BAC125D16F8700E488E1 /* Debug */,
				FAB0BAC225D16F8700E488E1 /* Release */,
			);
			defaultConfigurationIsVisible = 0;
			defaultConfigurationName = Release;
		};
		FAB0BAC325D16F8700E488E1 /* Build configuration list for PBXNativeTarget "NewBank" */ = {
			isa = XCConfigurationList;
			buildConfigurations = (
				FAB0BAC425D16F8700E488E1 /* Debug */,
				FAB0BAC525D16F8700E488E1 /* Release */,
			);
			defaultConfigurationIsVisible = 0;
			defaultConfigurationName = Release;
		};
		FAB0BAC625D16F8700E488E1 /* Build configuration list for PBXNativeTarget "NewBankTests" */ = {
			isa = XCConfigurationList;
			buildConfigurations = (
				FAB0BAC725D16F8700E488E1 /* Debug */,
				FAB0BAC825D16F8700E488E1 /* Release */,
			);
			defaultConfigurationIsVisible = 0;
			defaultConfigurationName = Release;
		};
		FAB0BAC925D16F8700E488E1 /* Build configuration list for PBXNativeTarget "NewBankUITests" */ = {
			isa = XCConfigurationList;
			buildConfigurations = (
				FAB0BACA25D16F8700E488E1 /* Debug */,
				FAB0BACB25D16F8700E488E1 /* Release */,
			);
			defaultConfigurationIsVisible = 0;
			defaultConfigurationName = Release;
		};
/* End XCConfigurationList section */
	};
	rootObject = FAB0BA9125D16F8600E488E1 /* Project object */;
}
